PODS:
  - FBSnapshotTestCase (2.1.4):
    - FBSnapshotTestCase/SwiftSupport (= 2.1.4)
  - FBSnapshotTestCase/Core (2.1.4)
  - FBSnapshotTestCase/SwiftSupport (2.1.4):
    - FBSnapshotTestCase/Core
  - PPToolKit (0.1.0)

DEPENDENCIES:
  - FBSnapshotTestCase
  - PPToolKit (from `../`)

SPEC REPOS:
  trunk:
    - FBSnapshotTestCase

EXTERNAL SOURCES:
  PPToolKit:
    :path: "../"

SPEC CHECKSUMS:
  FBSnapshotTestCase: 094f9f314decbabe373b87cc339bea235a63e07a
  PPToolKit: 2017cc607b35a16192b55cc1bb29ce14e1f2e6bc

PODFILE CHECKSUM: 81792bca1e4154befa94f4b3540dafc17fb0972c

COCOAPODS: 1.13.0
